
Microsoft Visual Studio Solution File, Format Version 12.00
# Visual Studio Version 17
VisualStudioVersion = 17.8.34330.188
MinimumVisualStudioVersion = 10.0.40219.1
Project("{FAE04EC0-301F-11D3-BF4B-00C04F79EFBC}") = "FunctionAppSunSale", "FunctionAppSunSale\FunctionAppSunSale.csproj", "{A91321F0-1C19-41B2-880E-300860083A9F}"
EndProject
Global
	GlobalSection(SolutionConfigurationPlatforms) = preSolution
		Debug|Any CPU = Debug|Any CPU
		Release|Any CPU = Release|Any CPU
	EndGlobalSection
	GlobalSection(ProjectConfigurationPlatforms) = postSolution
		{A91321F0-1C19-41B2-880E-300860083A9F}.Debug|Any CPU.ActiveCfg = Debug|Any CPU
		{A91321F0-1C19-41B2-880E-300860083A9F}.Debug|Any CPU.Build.0 = Debug|Any CPU
		{A91321F0-1C19-41B2-880E-300860083A9F}.Release|Any CPU.ActiveCfg = Release|Any CPU
		{A91321F0-1C19-41B2-880E-300860083A9F}.Release|Any CPU.Build.0 = Release|Any CPU
	EndGlobalSection
	GlobalSection(SolutionProperties) = preSolution
		HideSolutionNode = FALSE
	EndGlobalSection
	GlobalSection(ExtensibilityGlobals) = postSolution
		SolutionGuid = {A87B8D68-E1F2-4A4A-B146-904B50E9E6A5}
	EndGlobalSection
EndGlobal
